
Microsoft Visual Studio Solution File, Format Version 12.00
# Visual Studio Version 17
VisualStudioVersion = 17.0.32014.148
MinimumVisualStudioVersion = 10.0.40219.1
Project("{9A19103F-16F7-4668-BE54-9A1E7A4F7556}") = "KYChildSupportCalculator", "KYChildSupportCalculator\KYChildSupportCalculator.csproj", "{907B816B-C58C-4093-A5F4-9EECE039DDCA}"
EndProject
Project("{FAE04EC0-301F-11D3-BF4B-00C04F79EFBC}") = "UnitTests", "UnitTests\UnitTests.csproj", "{75184A3A-C6EE-4C06-9A42-080EA4AD6CAC}"
EndProject
Global
	GlobalSection(SolutionConfigurationPlatforms) = preSolution
		Debug|Any CPU = Debug|Any CPU
		Release|Any CPU = Release|Any CPU
	EndGlobalSection
	GlobalSection(ProjectConfigurationPlatforms) = postSolution
		{907B816B-C58C-4093-A5F4-9EECE039DDCA}.Debug|Any CPU.ActiveCfg = Debug|Any CPU
		{907B816B-C58C-4093-A5F4-9EECE039DDCA}.Debug|Any CPU.Build.0 = Debug|Any CPU
		{907B816B-C58C-4093-A5F4-9EECE039DDCA}.Release|Any CPU.ActiveCfg = Release|Any CPU
		{907B816B-C58C-4093-A5F4-9EECE039DDCA}.Release|Any CPU.Build.0 = Release|Any CPU
		{75184A3A-C6EE-4C06-9A42-080EA4AD6CAC}.Debug|Any CPU.ActiveCfg = Debug|Any CPU
		{75184A3A-C6EE-4C06-9A42-080EA4AD6CAC}.Debug|Any CPU.Build.0 = Debug|Any CPU
		{75184A3A-C6EE-4C06-9A42-080EA4AD6CAC}.Release|Any CPU.ActiveCfg = Release|Any CPU
		{75184A3A-C6EE-4C06-9A42-080EA4AD6CAC}.Release|Any CPU.Build.0 = Release|Any CPU
	EndGlobalSection
	GlobalSection(SolutionProperties) = preSolution
		HideSolutionNode = FALSE
	EndGlobalSection
	GlobalSection(ExtensibilityGlobals) = postSolution
		SolutionGuid = {0B79D475-8CED-4A13-B9E1-6DAE8E139587}
	EndGlobalSection
EndGlobal
